PODS:
  - Flutter (1.0.0)
  - integration_test (0.0.1):
    - Flutter
  - sound_generator (0.0.12):
    - Flutter

DEPENDENCIES:
  - Flutter (from `Flutter`)
  - integration_test (from `.symlinks/plugins/integration_test/ios`)
  - sound_generator (from `.symlinks/plugins/sound_generator/ios`)

EXTERNAL SOURCES:
  Flutter:
    :path: Flutter
  integration_test:
    :path: ".symlinks/plugins/integration_test/ios"
  sound_generator:
    :path: ".symlinks/plugins/sound_generator/ios"

SPEC CHECKSUMS:
  Flutter: cabc95a1d2626b1b06e7179b784ebcf0c0cde467
  integration_test: 4a889634ef21a45d28d50d622cf412dc6d9f586e
  sound_generator: 6e2c7a29ba2554a749e1cca20fbaaae508bd94ad

PODFILE CHECKSUM: 0b0cb0160310c736060c862ad3e5f66e1cefe604

COCOAPODS: 1.16.2
